// !$*UTF8*$!
{
	archiveVersion = 1;
	classes = {
	};
	objectVersion = 46;
	objects = {

/* Begin PBXBuildFile section */
		A0A2A0B71D350D3D00CB8229 /* track.gpx in Resources */ = {isa = PBXBuildFile; fileRef = A0A2A0B61D350D3D00CB8229 /* track.gpx */; };
		A0FB846C1D337ED40041AABE /* AppDelegate.swift in Sources */ = {isa = PBXBuildFile; fileRef = A0FB846B1D337ED40041AABE /* AppDelegate.swift */; };
		A0FB846E1D337ED40041AABE /* ViewController.swift in Sources */ = {isa = PBXBuildFile; fileRef = A0FB846D1D337ED40041AABE /* ViewController.swift */; };
		A0FB84711D337ED40041AABE /* Main.storyboard in Resources */ = {isa = PBXBuildFile; fileRef = A0FB846F1D337ED40041AABE /* Main.storyboard */; };
		A0FB84731D337ED40041AABE /* Assets.xcassets in Resources */ = {isa = PBXBuildFile; fileRef = A0FB84721D337ED40041AABE /* Assets.xcassets */; };
		A0FB84761D337ED40041AABE /* LaunchScreen.storyboard in Resources */ = {isa = PBXBuildFile; fileRef = A0FB84741D337ED40041AABE /* LaunchScreen.storyboard */; };
/* End PBXBuildFile section */

/* Begin PBXFileReference section */
		A0A2A0B61D350D3D00CB8229 /* track.gpx */ = {isa = PBXFileReference; fileEncoding = 4; lastKnownFileType = text.xml; name = track.gpx; path = ../track.gpx; sourceTree = "<group>"; };
		A0FB84681D337ED40041AABE /* test.app */ = {isa = PBXFileReference; explicitFileType = wrapper.application; includeInIndex = 0; path = test.app; sourceTree = BUILT_PRODUCTS_DIR; };
		A0FB846B1D337ED40041AABE /* AppDelegate.swift */ = {isa = PBXFileReference; lastKnownFileType = sourcecode.swift; path = AppDelegate.swift; sourceTree = "<group>"; };
		A0FB846D1D337ED40041AABE /* ViewController.swift */ = {isa = PBXFileReference; lastKnownFileType = sourcecode.swift; path = ViewController.swift; sourceTree = "<group>"; };
		A0FB84701D337ED40041AABE /* Base */ = {isa = PBXFileReference; lastKnownFileType = file.storyboard; name = Base; path = Base.lproj/Main.storyboard; sourceTree = "<group>"; };
		A0FB84721D337ED40041AABE /* Assets.xcassets */ = {isa = PBXFileReference; lastKnownFileType = folder.assetcatalog; path = Assets.xcassets; sourceTree = "<group>"; };
		A0FB84751D337ED40041AABE /* Base */ = {isa = PBXFileReference; lastKnownFileType = file.storyboard; name = Base; path = Base.lproj/LaunchScreen.storyboard; sourceTree = "<group>"; };
		A0FB84771D337ED40041AABE /* Info.plist */ = {isa = PBXFileReference; lastKnownFileType = text.plist.xml; path = Info.plist; sourceTree = "<group>"; };
/* End PBXFileReference section */

/* Begin PBXFrameworksBuildPhase section */
		A0FB84651D337ED40041AABE /* Frameworks */ = {
			isa = PBXFrameworksBuildPhase;
			buildActionMask = 2147483647;
			files = (
			);
			runOnlyForDeploymentPostprocessing = 0;
		};
/* End PBXFrameworksBuildPhase section */

/* Begin PBXGroup section */
		A0FB845F1D337ED40041AABE = {
			isa = PBXGroup;
			children = (
				A0A2A0B61D350D3D00CB8229 /* track.gpx */,
				A0FB846A1D337ED40041AABE /* test */,
				A0FB84691D337ED40041AABE /* Products */,
			);
			sourceTree = "<group>";
		};
		A0FB84691D337ED40041AABE /* Products */ = {
			isa = PBXGroup;
			children = (
				A0FB84681D337ED40041AABE /* test.app */,
			);
			name = Products;
			sourceTree = "<group>";
		};
		A0FB846A1D337ED40041AABE /* test */ = {
			isa = PBXGroup;
			children = (
				A0FB846B1D337ED40041AABE /* AppDelegate.swift */,
				A0FB846D1D337ED40041AABE /* ViewController.swift */,
				A0FB846F1D337ED40041AABE /* Main.storyboard */,
				A0FB84721D337ED40041AABE /* Assets.xcassets */,
				A0FB84741D337ED40041AABE /* LaunchScreen.storyboard */,
				A0FB84771D337ED40041AABE /* Info.plist */,
			);
			path = test;
			sourceTree = "<group>";
		};
/* End PBXGroup section */

/* Begin PBXNativeTarget section */
		A0FB84671D337ED40041AABE /* test */ = {
			isa = PBXNativeTarget;
			buildConfigurationList = A0FB847A1D337ED40041AABE /* Build configuration list for PBXNativeTarget "test" */;
			buildPhases = (
				A0FB84641D337ED40041AABE /* Sources */,
				A0FB84651D337ED40041AABE /* Frameworks */,
				A0FB84661D337ED40041AABE /* Resources */,
			);
			buildRules = (
			);
			dependencies = (
			);
			name = test;
			productName = test;
			productReference = A0FB84681D337ED40041AABE /* test.app */;
			productType = "com.apple.product-type.application";
		};
/* End PBXNativeTarget section */

/* Begin PBXProject section */
		A0FB84601D337ED40041AABE /* Project object */ = {
			isa = PBXProject;
			attributes = {
				LastSwiftUpdateCheck = 0730;
				LastUpgradeCheck = 0730;
				ORGANIZATIONNAME = "Szymon Maslanka";
				TargetAttributes = {
					A0FB84671D337ED40041AABE = {
						CreatedOnToolsVersion = 7.3.1;
						DevelopmentTeam = 2ZXKX97KAL;
					};
				};
			};
			buildConfigurationList = A0FB84631D337ED40041AABE /* Build configuration list for PBXProject "test" */;
			compatibilityVersion = "Xcode 3.2";
			developmentRegion = English;
			hasScannedForEncodings = 0;
			knownRegions = (
				en,
				Base,
			);
			mainGroup = A0FB845F1D337ED40041AABE;
			productRefGroup = A0FB84691D337ED40041AABE /* Products */;
			projectDirPath = "";
			projectRoot = "";
			targets = (
				A0FB84671D337ED40041AABE /* test */,
			);
		};
/* End PBXProject section */

/* Begin PBXResourcesBuildPhase section */
		A0FB84661D337ED40041AABE /* Resources */ = {
			isa = PBXResourcesBuildPhase;
			buildActionMask = 2147483647;
			files = (
				A0FB84761D337ED40041AABE /* LaunchScreen.storyboard in Resources */,
				A0FB84731D337ED40041AABE /* Assets.xcassets in Resources */,
				A0FB84711D337ED40041AABE /* Main.storyboard in Resources */,
				A0A2A0B71D350D3D00CB8229 /* track.gpx in Resources */,
			);
			runOnlyForDeploymentPostprocessing = 0;
		};
/* End PBXResourcesBuildPhase section */

/* Begin PBXSourcesBuildPhase section */
		A0FB84641D337ED40041AABE /* Sources */ = {
			isa = PBXSourcesBuildPhase;
			buildActionMask = 2147483647;
			files = (
				A0FB846E1D337ED40041AABE /* ViewController.swift in Sources */,
				A0FB846C1D337ED40041AABE /* AppDelegate.swift in Sources */,
			);
			runOnlyForDeploymentPostprocessing = 0;
		};
/* End PBXSourcesBuildPhase section */

/* Begin PBXVariantGroup section */
		A0FB846F1D337ED40041AABE /* Main.storyboard */ = {
			isa = PBXVariantGroup;
			children = (
				A0FB84701D337ED40041AABE /* Base */,
			);
			name = Main.storyboard;
			sourceTree = "<group>";
		};
		A0FB84741D337ED40041AABE /* LaunchScreen.storyboard */ = {
			isa = PBXVariantGroup;
			children = (
				A0FB84751D337ED40041AABE /* Base */,
			);
			name = LaunchScreen.storyboard;
			sourceTree = "<group>";
		};
/* End PBXVariantGroup section */

/* Begin XCBuildConfiguration section */
		A0FB84781D337ED40041AABE /* Debug */ = {
			isa = XCBuildConfiguration;
			buildSettings = {
				ALWAYS_SEARCH_USER_PATHS = NO;
				CLANG_ANALYZER_NONNULL = YES;
				CLANG_CXX_LANGUAGE_STANDARD = "gnu++0x";
				CLANG_CXX_LIBRARY = "libc++";
				CLANG_ENABLE_MODULES = YES;
				CLANG_ENABLE_OBJC_ARC = YES;
				CLANG_WARN_BOOL_CONVERSION = YES;
				CLANG_WARN_CONSTANT_CONVERSION = YES;
				CLANG_WARN_DIRECT_OBJC_ISA_USAGE = YES_ERROR;
				CLANG_WARN_EMPTY_BODY = YES;
				CLANG_WARN_ENUM_CONVERSION = YES;
				CLANG_WARN_INT_CONVERSION = YES;
				CLANG_WARN_OBJC_ROOT_CLASS = YES_ERROR;
				CLANG_WARN_UNREACHABLE_CODE = YES;
				CLANG_WARN__DUPLICATE_METHOD_MATCH = YES;
				"CODE_SIGN_IDENTITY[sdk=iphoneos*]" = "iPhone Developer";
				COPY_PHASE_STRIP = NO;
				DEBUG_INFORMATION_FORMAT = dwarf;
				ENABLE_STRICT_OBJC_MSGSEND = YES;
				ENABLE_TESTABILITY = YES;
				GCC_C_LANGUAGE_STANDARD = gnu99;
				GCC_DYNAMIC_NO_PIC = NO;
				GCC_NO_COMMON_BLOCKS = YES;
				GCC_OPTIMIZATION_LEVEL = 0;
				GCC_PREPROCESSOR_DEFINITIONS = (
					"DEBUG=1",
					"$(inherited)",
				);
				GCC_WARN_64_TO_32_BIT_CONVERSION = YES;
				GCC_WARN_ABOUT_RETURN_TYPE = YES_ERROR;
				GCC_WARN_UNDECLARED_SELECTOR = YES;
				GCC_WARN_UNINITIALIZED_AUTOS = YES_AGGRESSIVE;
				GCC_WARN_UNUSED_FUNCTION = YES;
				GCC_WARN_UNUSED_VARIABLE = YES;
				IPHONEOS_DEPLOYMENT_TARGET = 9.3;
				MTL_ENABLE_DEBUG_INFO = YES;
				ONLY_ACTIVE_ARCH = YES;
				SDKROOT = iphoneos;
				SWIFT_OPTIMIZATION_LEVEL = "-Onone";
				TARGETED_DEVICE_FAMILY = "1,2";
			};
			name = Debug;
		};
		A0FB84791D337ED40041AABE /* Release */ = {
			isa = XCBuildConfiguration;
			buildSettings = {
				ALWAYS_SEARCH_USER_PATHS = NO;
				CLANG_ANALYZER_NONNULL = YES;
				CLANG_CXX_LANGUAGE_STANDARD = "gnu++0x";
				CLANG_CXX_LIBRARY = "libc++";
				CLANG_ENABLE_MODULES = YES;
				CLANG_ENABLE_OBJC_ARC = YES;
				CLANG_WARN_BOOL_CONVERSION = YES;
				CLANG_WARN_CONSTANT_CONVERSION = YES;
				CLANG_WARN_DIRECT_OBJC_ISA_USAGE = YES_ERROR;
				CLANG_WARN_EMPTY_BODY = YES;
				CLANG_WARN_ENUM_CONVERSION = YES;
				CLANG_WARN_INT_CONVERSION = YES;
				CLANG_WARN_OBJC_ROOT_CLASS = YES_ERROR;
				CLANG_WARN_UNREACHABLE_CODE = YES;
				CLANG_WARN__DUPLICATE_METHOD_MATCH = YES;
				"CODE_SIGN_IDENTITY[sdk=iphoneos*]" = "iPhone Developer";
				COPY_PHASE_STRIP = NO;
				DEBUG_INFORMATION_FORMAT = "dwarf-with-dsym";
				ENABLE_NS_ASSERTIONS = NO;
				ENABLE_STRICT_OBJC_MSGSEND = YES;
				GCC_C_LANGUAGE_STANDARD = gnu99;
				GCC_NO_COMMON_BLOCKS = YES;
				GCC_WARN_64_TO_32_BIT_CONVERSION = YES;
				GCC_WARN_ABOUT_RETURN_TYPE = YES_ERROR;
				GCC_WARN_UNDECLARED_SELECTOR = YES;
				GCC_WARN_UNINITIALIZED_AUTOS = YES_AGGRESSIVE;
				GCC_WARN_UNUSED_FUNCTION = YES;
				GCC_WARN_UNUSED_VARIABLE = YES;
				IPHONEOS_DEPLOYMENT_TARGET = 9.3;
				MTL_ENABLE_DEBUG_INFO = NO;
				SDKROOT = iphoneos;
				TARGETED_DEVICE_FAMILY = "1,2";
				VALIDATE_PRODUCT = YES;
			};
			name = Release;
		};
		A0FB847B1D337ED40041AABE /* Debug */ = {
			isa = XCBuildConfiguration;
			buildSettings = {
				ASSETCATALOG_COMPILER_APPICON_NAME = AppIcon;
				CODE_SIGN_IDENTITY = "iPhone Developer";
				"CODE_SIGN_IDENTITY[sdk=iphoneos*]" = "iPhone Developer";
				INFOPLIST_FILE = test/Info.plist;
				LD_RUNPATH_SEARCH_PATHS = "$(inherited) @executable_path/Frameworks";
				PRODUCT_BUNDLE_IDENTIFIER = io.nahive.test123;
				PRODUCT_NAME = "$(TARGET_NAME)";
				PROVISIONING_PROFILE = "";
			};
			name = Debug;
		};
		A0FB847C1D337ED40041AABE /* Release */ = {
			isa = XCBuildConfiguration;
			buildSettings = {
				ASSETCATALOG_COMPILER_APPICON_NAME = AppIcon;
				CODE_SIGN_IDENTITY = "iPhone Developer";
				"CODE_SIGN_IDENTITY[sdk=iphoneos*]" = "iPhone Developer";
				INFOPLIST_FILE = test/Info.plist;
				LD_RUNPATH_SEARCH_PATHS = "$(inherited) @executable_path/Frameworks";
				PRODUCT_BUNDLE_IDENTIFIER = io.nahive.test123;
				PRODUCT_NAME = "$(TARGET_NAME)";
				PROVISIONING_PROFILE = "";
			};
			name = Release;
		};
/* End XCBuildConfiguration section */

/* Begin XCConfigurationList section */
		A0FB84631D337ED40041AABE /* Build configuration list for PBXProject "test" */ = {
			isa = XCConfigurationList;
			buildConfigurations = (
				A0FB84781D337ED40041AABE /* Debug */,
				A0FB84791D337ED40041AABE /* Release */,
			);
			defaultConfigurationIsVisible = 0;
			defaultConfigurationName = Release;
		};
		A0FB847A1D337ED40041AABE /* Build configuration list for PBXNativeTarget "test" */ = {
			isa = XCConfigurationList;
			buildConfigurations = (
				A0FB847B1D337ED40041AABE /* Debug */,
				A0FB847C1D337ED40041AABE /* Release */,
			);
			defaultConfigurationIsVisible = 0;
			defaultConfigurationName = Release;
		};
/* End XCConfigurationList section */
	};
	rootObject = A0FB84601D337ED40041AABE /* Project object */;
}
